// !$*UTF8*$!
{
	archiveVersion = 1;
	classes = {
	};
	objectVersion = 50;
	objects = {

/* Begin PBXBuildFile section */
		525A163021E3713A00C4FCC7 /* MtmVec.cpp in Sources */ = {isa = PBXBuildFile; fileRef = 525A162F21E3713A00C4FCC7 /* MtmVec.cpp */; };
		52848E4C21F0BC510068D1DD /* complex_test.cpp in Sources */ = {isa = PBXBuildFile; fileRef = 52CE2FC121ED406F00197B0A /* complex_test.cpp */; };
		52ED1F6221ECBE7E0053B0F8 /* Auxilaries.h in Sources */ = {isa = PBXBuildFile; fileRef = 5299B97521DA27E300EC0FD5 /* Auxilaries.h */; };
		52ED1F6321ECBE7E0053B0F8 /* Complex.h in Sources */ = {isa = PBXBuildFile; fileRef = 5299B96F21DA27E200EC0FD5 /* Complex.h */; };
		52ED1F6421ECBE7E0053B0F8 /* Complex.cpp in Sources */ = {isa = PBXBuildFile; fileRef = 525A162A21E3710300C4FCC7 /* Complex.cpp */; };
		52ED1F6521ECBE7E0053B0F8 /* MtmExceptions.h in Sources */ = {isa = PBXBuildFile; fileRef = 5299B97421DA27E300EC0FD5 /* MtmExceptions.h */; };
		52ED1F6621ECBE7E0053B0F8 /* MtmMat.cpp in Sources */ = {isa = PBXBuildFile; fileRef = 525A162D21E3712800C4FCC7 /* MtmMat.cpp */; };
		52ED1F6821ECBE7E0053B0F8 /* MtmMat.h in Sources */ = {isa = PBXBuildFile; fileRef = 5299B97321DA27E300EC0FD5 /* MtmMat.h */; };
		52ED1F6921ECBE7E0053B0F8 /* MtmVec.h in Sources */ = {isa = PBXBuildFile; fileRef = 5299B97621DA27E300EC0FD5 /* MtmVec.h */; };
/* End PBXBuildFile section */

/* Begin PBXCopyFilesBuildPhase section */
		5299B96221DA27A100EC0FD5 /* CopyFiles */ = {
			isa = PBXCopyFilesBuildPhase;
			buildActionMask = 2147483647;
			dstPath = /usr/share/man/man1/;
			dstSubfolderSpec = 0;
			files = (
			);
			runOnlyForDeploymentPostprocessing = 1;
		};
/* End PBXCopyFilesBuildPhase section */

/* Begin PBXFileReference section */
		525A162A21E3710300C4FCC7 /* Complex.cpp */ = {isa = PBXFileReference; lastKnownFileType = sourcecode.cpp.cpp; path = Complex.cpp; sourceTree = "<group>"; };
		525A162D21E3712800C4FCC7 /* MtmMat.cpp */ = {isa = PBXFileReference; lastKnownFileType = sourcecode.cpp.cpp; path = MtmMat.cpp; sourceTree = "<group>"; };
		525A162F21E3713A00C4FCC7 /* MtmVec.cpp */ = {isa = PBXFileReference; lastKnownFileType = sourcecode.cpp.cpp; path = MtmVec.cpp; sourceTree = "<group>"; };
		525A163121E371B100C4FCC7 /* MtmMatSq.cpp */ = {isa = PBXFileReference; lastKnownFileType = sourcecode.cpp.cpp; path = MtmMatSq.cpp; sourceTree = "<group>"; };
		525A163321E3720000C4FCC7 /* MtmMatTriag.cpp */ = {isa = PBXFileReference; lastKnownFileType = sourcecode.cpp.cpp; path = MtmMatTriag.cpp; sourceTree = "<group>"; };
		5299B96421DA27A100EC0FD5 /* mtmMath */ = {isa = PBXFileReference; explicitFileType = "compiled.mach-o.executable"; includeInIndex = 0; path = mtmMath; sourceTree = BUILT_PRODUCTS_DIR; };
		5299B96E21DA27E200EC0FD5 /* main_out */ = {isa = PBXFileReference; fileEncoding = 4; lastKnownFileType = text; path = main_out; sourceTree = "<group>"; };
		5299B96F21DA27E200EC0FD5 /* Complex.h */ = {isa = PBXFileReference; explicitFileType = sourcecode.cpp.h; fileEncoding = 4; path = Complex.h; sourceTree = "<group>"; };
		5299B97021DA27E200EC0FD5 /* main.cpp */ = {isa = PBXFileReference; fileEncoding = 4; lastKnownFileType = sourcecode.cpp.cpp; path = main.cpp; sourceTree = "<group>"; };
		5299B97121DA27E200EC0FD5 /* MtmMatSq.h */ = {isa = PBXFileReference; explicitFileType = sourcecode.cpp.h; fileEncoding = 4; path = MtmMatSq.h; sourceTree = "<group>"; };
		5299B97221DA27E300EC0FD5 /* MtmMatTriag.h */ = {isa = PBXFileReference; explicitFileType = sourcecode.cpp.h; fileEncoding = 4; path = MtmMatTriag.h; sourceTree = "<group>"; };
		5299B97321DA27E300EC0FD5 /* MtmMat.h */ = {isa = PBXFileReference; explicitFileType = sourcecode.cpp.h; fileEncoding = 4; path = MtmMat.h; sourceTree = "<group>"; };
		5299B97421DA27E300EC0FD5 /* MtmExceptions.h */ = {isa = PBXFileReference; explicitFileType = sourcecode.cpp.h; fileEncoding = 4; path = MtmExceptions.h; sourceTree = "<group>"; };
		5299B97521DA27E300EC0FD5 /* Auxilaries.h */ = {isa = PBXFileReference; explicitFileType = sourcecode.cpp.h; fileEncoding = 4; path = Auxilaries.h; sourceTree = "<group>"; };
		5299B97621DA27E300EC0FD5 /* MtmVec.h */ = {isa = PBXFileReference; explicitFileType = sourcecode.cpp.h; fileEncoding = 4; path = MtmVec.h; sourceTree = "<group>"; };
		52CE2FC121ED406F00197B0A /* complex_test.cpp */ = {isa = PBXFileReference; lastKnownFileType = sourcecode.cpp.cpp; path = complex_test.cpp; sourceTree = "<group>"; };
		52ED1F5E21ECBE070053B0F8 /* matrix_test.cpp */ = {isa = PBXFileReference; fileEncoding = 4; lastKnownFileType = sourcecode.cpp.cpp; path = matrix_test.cpp; sourceTree = "<group>"; };
		52ED1F5F21ECBE070053B0F8 /* vect_test.cpp */ = {isa = PBXFileReference; fileEncoding = 4; lastKnownFileType = sourcecode.cpp.cpp; path = vect_test.cpp; sourceTree = "<group>"; };
/* End PBXFileReference section */

/* Begin PBXFrameworksBuildPhase section */
		5299B96121DA27A100EC0FD5 /* Frameworks */ = {
			isa = PBXFrameworksBuildPhase;
			buildActionMask = 2147483647;
			files = (
			);
			runOnlyForDeploymentPostprocessing = 0;
		};
/* End PBXFrameworksBuildPhase section */

/* Begin PBXGroup section */
		5299B95B21DA27A100EC0FD5 = {
			isa = PBXGroup;
			children = (
				5299B96621DA27A100EC0FD5 /* mtmMath */,
				5299B96521DA27A100EC0FD5 /* Products */,
			);
			sourceTree = "<group>";
		};
		5299B96521DA27A100EC0FD5 /* Products */ = {
			isa = PBXGroup;
			children = (
				5299B96421DA27A100EC0FD5 /* mtmMath */,
			);
			name = Products;
			sourceTree = "<group>";
		};
		5299B96621DA27A100EC0FD5 /* mtmMath */ = {
			isa = PBXGroup;
			children = (
				5299B96E21DA27E200EC0FD5 /* main_out */,
				52ED1F5F21ECBE070053B0F8 /* vect_test.cpp */,
				52ED1F5E21ECBE070053B0F8 /* matrix_test.cpp */,
				52CE2FC121ED406F00197B0A /* complex_test.cpp */,
				5299B97021DA27E200EC0FD5 /* main.cpp */,
				5299B97521DA27E300EC0FD5 /* Auxilaries.h */,
				5299B97421DA27E300EC0FD5 /* MtmExceptions.h */,
				5299B96F21DA27E200EC0FD5 /* Complex.h */,
				525A162A21E3710300C4FCC7 /* Complex.cpp */,
				5299B97321DA27E300EC0FD5 /* MtmMat.h */,
				525A162D21E3712800C4FCC7 /* MtmMat.cpp */,
				5299B97621DA27E300EC0FD5 /* MtmVec.h */,
				525A162F21E3713A00C4FCC7 /* MtmVec.cpp */,
				5299B97121DA27E200EC0FD5 /* MtmMatSq.h */,
				525A163121E371B100C4FCC7 /* MtmMatSq.cpp */,
				5299B97221DA27E300EC0FD5 /* MtmMatTriag.h */,
				525A163321E3720000C4FCC7 /* MtmMatTriag.cpp */,
			);
			path = mtmMath;
			sourceTree = "<group>";
		};
/* End PBXGroup section */

/* Begin PBXNativeTarget section */
		5299B96321DA27A100EC0FD5 /* mtmMath */ = {
			isa = PBXNativeTarget;
			buildConfigurationList = 5299B96B21DA27A100EC0FD5 /* Build configuration list for PBXNativeTarget "mtmMath" */;
			buildPhases = (
				5299B96021DA27A100EC0FD5 /* Sources */,
				5299B96121DA27A100EC0FD5 /* Frameworks */,
				5299B96221DA27A100EC0FD5 /* CopyFiles */,
			);
			buildRules = (
			);
			dependencies = (
			);
			name = mtmMath;
			productName = mtmMath;
			productReference = 5299B96421DA27A100EC0FD5 /* mtmMath */;
			productType = "com.apple.product-type.tool";
		};
/* End PBXNativeTarget section */

/* Begin PBXProject section */
		5299B95C21DA27A100EC0FD5 /* Project object */ = {
			isa = PBXProject;
			attributes = {
				LastUpgradeCheck = 1010;
				ORGANIZATIONNAME = "Ezzat Qupty";
				TargetAttributes = {
					5299B96321DA27A100EC0FD5 = {
						CreatedOnToolsVersion = 10.1;
					};
				};
			};
			buildConfigurationList = 5299B95F21DA27A100EC0FD5 /* Build configuration list for PBXProject "mtmMath" */;
			compatibilityVersion = "Xcode 9.3";
			developmentRegion = en;
			hasScannedForEncodings = 0;
			knownRegions = (
				en,
			);
			mainGroup = 5299B95B21DA27A100EC0FD5;
			productRefGroup = 5299B96521DA27A100EC0FD5 /* Products */;
			projectDirPath = "";
			projectRoot = "";
			targets = (
				5299B96321DA27A100EC0FD5 /* mtmMath */,
			);
		};
/* End PBXProject section */

/* Begin PBXSourcesBuildPhase section */
		5299B96021DA27A100EC0FD5 /* Sources */ = {
			isa = PBXSourcesBuildPhase;
			buildActionMask = 2147483647;
			files = (
				52848E4C21F0BC510068D1DD /* complex_test.cpp in Sources */,
				52ED1F6221ECBE7E0053B0F8 /* Auxilaries.h in Sources */,
				52ED1F6321ECBE7E0053B0F8 /* Complex.h in Sources */,
				52ED1F6421ECBE7E0053B0F8 /* Complex.cpp in Sources */,
				52ED1F6521ECBE7E0053B0F8 /* MtmExceptions.h in Sources */,
				52ED1F6621ECBE7E0053B0F8 /* MtmMat.cpp in Sources */,
				52ED1F6821ECBE7E0053B0F8 /* MtmMat.h in Sources */,
				52ED1F6921ECBE7E0053B0F8 /* MtmVec.h in Sources */,
				525A163021E3713A00C4FCC7 /* MtmVec.cpp in Sources */,
			);
			runOnlyForDeploymentPostprocessing = 0;
		};
/* End PBXSourcesBuildPhase section */

/* Begin XCBuildConfiguration section */
		5299B96921DA27A100EC0FD5 /* Debug */ = {
			isa = XCBuildConfiguration;
			buildSettings = {
				ALWAYS_SEARCH_USER_PATHS = NO;
				CLANG_ANALYZER_NONNULL = YES;
				CLANG_ANALYZER_NUMBER_OBJECT_CONVERSION = YES_AGGRESSIVE;
				CLANG_CXX_LANGUAGE_STANDARD = "gnu++14";
				CLANG_CXX_LIBRARY = "libc++";
				CLANG_ENABLE_MODULES = YES;
				CLANG_ENABLE_OBJC_ARC = YES;
				CLANG_ENABLE_OBJC_WEAK = YES;
				CLANG_WARN_BLOCK_CAPTURE_AUTORELEASING = YES;
				CLANG_WARN_BOOL_CONVERSION = YES;
				CLANG_WARN_COMMA = YES;
				CLANG_WARN_CONSTANT_CONVERSION = YES;
				CLANG_WARN_DEPRECATED_OBJC_IMPLEMENTATIONS = YES;
				CLANG_WARN_DIRECT_OBJC_ISA_USAGE = YES_ERROR;
				CLANG_WARN_DOCUMENTATION_COMMENTS = YES;
				CLANG_WARN_EMPTY_BODY = YES;
				CLANG_WARN_ENUM_CONVERSION = YES;
				CLANG_WARN_INFINITE_RECURSION = YES;
				CLANG_WARN_INT_CONVERSION = YES;
				CLANG_WARN_NON_LITERAL_NULL_CONVERSION = YES;
				CLANG_WARN_OBJC_IMPLICIT_RETAIN_SELF = YES;
				CLANG_WARN_OBJC_LITERAL_CONVERSION = YES;
				CLANG_WARN_OBJC_ROOT_CLASS = YES_ERROR;
				CLANG_WARN_RANGE_LOOP_ANALYSIS = YES;
				CLANG_WARN_STRICT_PROTOTYPES = YES;
				CLANG_WARN_SUSPICIOUS_MOVE = YES;
				CLANG_WARN_UNGUARDED_AVAILABILITY = YES_AGGRESSIVE;
				CLANG_WARN_UNREACHABLE_CODE = YES;
				CLANG_WARN__DUPLICATE_METHOD_MATCH = YES;
				CODE_SIGN_IDENTITY = "Mac Developer";
				COPY_PHASE_STRIP = NO;
				DEBUG_INFORMATION_FORMAT = dwarf;
				ENABLE_STRICT_OBJC_MSGSEND = YES;
				ENABLE_TESTABILITY = YES;
				GCC_C_LANGUAGE_STANDARD = gnu11;
				GCC_DYNAMIC_NO_PIC = NO;
				GCC_NO_COMMON_BLOCKS = YES;
				GCC_OPTIMIZATION_LEVEL = 0;
				GCC_PREPROCESSOR_DEFINITIONS = (
					"DEBUG=1",
					"$(inherited)",
				);
				GCC_WARN_64_TO_32_BIT_CONVERSION = YES;
				GCC_WARN_ABOUT_RETURN_TYPE = YES_ERROR;
				GCC_WARN_UNDECLARED_SELECTOR = YES;
				GCC_WARN_UNINITIALIZED_AUTOS = YES_AGGRESSIVE;
				GCC_WARN_UNUSED_FUNCTION = YES;
				GCC_WARN_UNUSED_VARIABLE = YES;
				MACOSX_DEPLOYMENT_TARGET = 10.14;
				MTL_ENABLE_DEBUG_INFO = INCLUDE_SOURCE;
				MTL_FAST_MATH = YES;
				ONLY_ACTIVE_ARCH = YES;
				SDKROOT = macosx;
			};
			name = Debug;
		};
		5299B96A21DA27A100EC0FD5 /* Release */ = {
			isa = XCBuildConfiguration;
			buildSettings = {
				ALWAYS_SEARCH_USER_PATHS = NO;
				CLANG_ANALYZER_NONNULL = YES;
				CLANG_ANALYZER_NUMBER_OBJECT_CONVERSION = YES_AGGRESSIVE;
				CLANG_CXX_LANGUAGE_STANDARD = "gnu++14";
				CLANG_CXX_LIBRARY = "libc++";
				CLANG_ENABLE_MODULES = YES;
				CLANG_ENABLE_OBJC_ARC = YES;
				CLANG_ENABLE_OBJC_WEAK = YES;
				CLANG_WARN_BLOCK_CAPTURE_AUTORELEASING = YES;
				CLANG_WARN_BOOL_CONVERSION = YES;
				CLANG_WARN_COMMA = YES;
				CLANG_WARN_CONSTANT_CONVERSION = YES;
				CLANG_WARN_DEPRECATED_OBJC_IMPLEMENTATIONS = YES;
				CLANG_WARN_DIRECT_OBJC_ISA_USAGE = YES_ERROR;
				CLANG_WARN_DOCUMENTATION_COMMENTS = YES;
				CLANG_WARN_EMPTY_BODY = YES;
				CLANG_WARN_ENUM_CONVERSION = YES;
				CLANG_WARN_INFINITE_RECURSION = YES;
				CLANG_WARN_INT_CONVERSION = YES;
				CLANG_WARN_NON_LITERAL_NULL_CONVERSION = YES;
				CLANG_WARN_OBJC_IMPLICIT_RETAIN_SELF = YES;
				CLANG_WARN_OBJC_LITERAL_CONVERSION = YES;
				CLANG_WARN_OBJC_ROOT_CLASS = YES_ERROR;
				CLANG_WARN_RANGE_LOOP_ANALYSIS = YES;
				CLANG_WARN_STRICT_PROTOTYPES = YES;
				CLANG_WARN_SUSPICIOUS_MOVE = YES;
				CLANG_WARN_UNGUARDED_AVAILABILITY = YES_AGGRESSIVE;
				CLANG_WARN_UNREACHABLE_CODE = YES;
				CLANG_WARN__DUPLICATE_METHOD_MATCH = YES;
				CODE_SIGN_IDENTITY = "Mac Developer";
				COPY_PHASE_STRIP = NO;
				DEBUG_INFORMATION_FORMAT = "dwarf-with-dsym";
				ENABLE_NS_ASSERTIONS = NO;
				ENABLE_STRICT_OBJC_MSGSEND = YES;
				GCC_C_LANGUAGE_STANDARD = gnu11;
				GCC_NO_COMMON_BLOCKS = YES;
				GCC_WARN_64_TO_32_BIT_CONVERSION = YES;
				GCC_WARN_ABOUT_RETURN_TYPE = YES_ERROR;
				GCC_WARN_UNDECLARED_SELECTOR = YES;
				GCC_WARN_UNINITIALIZED_AUTOS = YES_AGGRESSIVE;
				GCC_WARN_UNUSED_FUNCTION = YES;
				GCC_WARN_UNUSED_VARIABLE = YES;
				MACOSX_DEPLOYMENT_TARGET = 10.14;
				MTL_ENABLE_DEBUG_INFO = NO;
				MTL_FAST_MATH = YES;
				SDKROOT = macosx;
			};
			name = Release;
		};
		5299B96C21DA27A100EC0FD5 /* Debug */ = {
			isa = XCBuildConfiguration;
			buildSettings = {
				CODE_SIGN_STYLE = Automatic;
				DEVELOPMENT_TEAM = JJBXCYA32Y;
				MACOSX_DEPLOYMENT_TARGET = 10.13;
				PRODUCT_NAME = "$(TARGET_NAME)";
			};
			name = Debug;
		};
		5299B96D21DA27A100EC0FD5 /* Release */ = {
			isa = XCBuildConfiguration;
			buildSettings = {
				CODE_SIGN_STYLE = Automatic;
				DEVELOPMENT_TEAM = JJBXCYA32Y;
				MACOSX_DEPLOYMENT_TARGET = 10.13;
				PRODUCT_NAME = "$(TARGET_NAME)";
			};
			name = Release;
		};
/* End XCBuildConfiguration section */

/* Begin XCConfigurationList section */
		5299B95F21DA27A100EC0FD5 /* Build configuration list for PBXProject "mtmMath" */ = {
			isa = XCConfigurationList;
			buildConfigurations = (
				5299B96921DA27A100EC0FD5 /* Debug */,
				5299B96A21DA27A100EC0FD5 /* Release */,
			);
			defaultConfigurationIsVisible = 0;
			defaultConfigurationName = Release;
		};
		5299B96B21DA27A100EC0FD5 /* Build configuration list for PBXNativeTarget "mtmMath" */ = {
			isa = XCConfigurationList;
			buildConfigurations = (
				5299B96C21DA27A100EC0FD5 /* Debug */,
				5299B96D21DA27A100EC0FD5 /* Release */,
			);
			defaultConfigurationIsVisible = 0;
			defaultConfigurationName = Release;
		};
/* End XCConfigurationList section */
	};
	rootObject = 5299B95C21DA27A100EC0FD5 /* Project object */;
}
